
Microsoft Visual Studio Solution File, Format Version 12.00
# Visual Studio Version 16
VisualStudioVersion = 16.0.29905.134
MinimumVisualStudioVersion = 10.0.40219.1
Project("{FAE04EC0-301F-11D3-BF4B-00C04F79EFBC}") = "Kostka", "Kostka\Kostka.csproj", "{1C4CFEA1-B78E-4E63-9C3F-50CE4D1CFDED}"
EndProject
Global
	GlobalSection(SolutionConfigurationPlatforms) = preSolution
		Debug|Any CPU = Debug|Any CPU
		Release|Any CPU = Release|Any CPU
	EndGlobalSection
	GlobalSection(ProjectConfigurationPlatforms) = postSolution
		{1C4CFEA1-B78E-4E63-9C3F-50CE4D1CFDED}.Debug|Any CPU.ActiveCfg = Debug|Any CPU
		{1C4CFEA1-B78E-4E63-9C3F-50CE4D1CFDED}.Debug|Any CPU.Build.0 = Debug|Any CPU
		{1C4CFEA1-B78E-4E63-9C3F-50CE4D1CFDED}.Release|Any CPU.ActiveCfg = Release|Any CPU
		{1C4CFEA1-B78E-4E63-9C3F-50CE4D1CFDED}.Release|Any CPU.Build.0 = Release|Any CPU
	EndGlobalSection
	GlobalSection(SolutionProperties) = preSolution
		HideSolutionNode = FALSE
	EndGlobalSection
	GlobalSection(ExtensibilityGlobals) = postSolution
		SolutionGuid = {D806A89D-4A1F-469D-9DE2-E58E66CF3CB2}
	EndGlobalSection
EndGlobal
