
Microsoft Visual Studio Solution File, Format Version 12.00
# Visual Studio 15
VisualStudioVersion = 15.0.28010.2046
MinimumVisualStudioVersion = 10.0.40219.1
Project("{FAE04EC0-301F-11D3-BF4B-00C04F79EFBC}") = "WindowsFormsApp3", "WindowsFormsApp3\WindowsFormsApp3.csproj", "{7C997D25-C4CF-4C6E-AA17-D1F0650BB6DA}"
EndProject
Global
	GlobalSection(SolutionConfigurationPlatforms) = preSolution
		Debug|Any CPU = Debug|Any CPU
		Release|Any CPU = Release|Any CPU
	EndGlobalSection
	GlobalSection(ProjectConfigurationPlatforms) = postSolution
		{7C997D25-C4CF-4C6E-AA17-D1F0650BB6DA}.Debug|Any CPU.ActiveCfg = Debug|Any CPU
		{7C997D25-C4CF-4C6E-AA17-D1F0650BB6DA}.Debug|Any CPU.Build.0 = Debug|Any CPU
		{7C997D25-C4CF-4C6E-AA17-D1F0650BB6DA}.Release|Any CPU.ActiveCfg = Release|Any CPU
		{7C997D25-C4CF-4C6E-AA17-D1F0650BB6DA}.Release|Any CPU.Build.0 = Release|Any CPU
	EndGlobalSection
	GlobalSection(SolutionProperties) = preSolution
		HideSolutionNode = FALSE
	EndGlobalSection
	GlobalSection(ExtensibilityGlobals) = postSolution
		SolutionGuid = {19E212E3-F5C3-4228-84B7-524C87BF7711}
	EndGlobalSection
EndGlobal
