
Microsoft Visual Studio Solution File, Format Version 12.00
# Visual Studio Version 16
VisualStudioVersion = 16.0.29920.165
MinimumVisualStudioVersion = 10.0.40219.1
Project("{FAE04EC0-301F-11D3-BF4B-00C04F79EFBC}") = "lab6_1", "lab6_1\lab6_1.csproj", "{D6E86C9A-0277-4E55-AFED-24FF3EFB9DC6}"
EndProject
Project("{FAE04EC0-301F-11D3-BF4B-00C04F79EFBC}") = "UnitTestProject1", "UnitTestProject1\UnitTestProject1.csproj", "{FB813313-80BB-408C-84B5-C8A27F499896}"
EndProject
Global
	GlobalSection(SolutionConfigurationPlatforms) = preSolution
		Debug|Any CPU = Debug|Any CPU
		Release|Any CPU = Release|Any CPU
	EndGlobalSection
	GlobalSection(ProjectConfigurationPlatforms) = postSolution
		{D6E86C9A-0277-4E55-AFED-24FF3EFB9DC6}.Debug|Any CPU.ActiveCfg = Debug|Any CPU
		{D6E86C9A-0277-4E55-AFED-24FF3EFB9DC6}.Debug|Any CPU.Build.0 = Debug|Any CPU
		{D6E86C9A-0277-4E55-AFED-24FF3EFB9DC6}.Release|Any CPU.ActiveCfg = Release|Any CPU
		{D6E86C9A-0277-4E55-AFED-24FF3EFB9DC6}.Release|Any CPU.Build.0 = Release|Any CPU
		{FB813313-80BB-408C-84B5-C8A27F499896}.Debug|Any CPU.ActiveCfg = Debug|Any CPU
		{FB813313-80BB-408C-84B5-C8A27F499896}.Debug|Any CPU.Build.0 = Debug|Any CPU
		{FB813313-80BB-408C-84B5-C8A27F499896}.Release|Any CPU.ActiveCfg = Release|Any CPU
		{FB813313-80BB-408C-84B5-C8A27F499896}.Release|Any CPU.Build.0 = Release|Any CPU
	EndGlobalSection
	GlobalSection(SolutionProperties) = preSolution
		HideSolutionNode = FALSE
	EndGlobalSection
	GlobalSection(ExtensibilityGlobals) = postSolution
		SolutionGuid = {C51FA56B-A2EA-4774-AC3B-6BDA36910356}
	EndGlobalSection
EndGlobal
